
Microsoft Visual Studio Solution File, Format Version 12.00
# Visual Studio Version 17
VisualStudioVersion = 17.1.32228.430
MinimumVisualStudioVersion = 10.0.40219.1
Project("{FAE04EC0-301F-11D3-BF4B-00C04F79EFBC}") = "Object orientated assignment 1", "Object orientated assignment 1\Object orientated assignment 1.csproj", "{5E53D42F-0527-4487-814B-73DF03B7ACE2}"
EndProject
Global
	GlobalSection(SolutionConfigurationPlatforms) = preSolution
		Debug|Any CPU = Debug|Any CPU
		Release|Any CPU = Release|Any CPU
	EndGlobalSection
	GlobalSection(ProjectConfigurationPlatforms) = postSolution
		{5E53D42F-0527-4487-814B-73DF03B7ACE2}.Debug|Any CPU.ActiveCfg = Debug|Any CPU
		{5E53D42F-0527-4487-814B-73DF03B7ACE2}.Debug|Any CPU.Build.0 = Debug|Any CPU
		{5E53D42F-0527-4487-814B-73DF03B7ACE2}.Release|Any CPU.ActiveCfg = Release|Any CPU
		{5E53D42F-0527-4487-814B-73DF03B7ACE2}.Release|Any CPU.Build.0 = Release|Any CPU
	EndGlobalSection
	GlobalSection(SolutionProperties) = preSolution
		HideSolutionNode = FALSE
	EndGlobalSection
	GlobalSection(ExtensibilityGlobals) = postSolution
		SolutionGuid = {D20E3582-4D81-4AAD-A14F-1A1737F2DDB0}
	EndGlobalSection
EndGlobal
